
Microsoft Visual Studio Solution File, Format Version 12.00
# Visual Studio Version 16
VisualStudioVersion = 16.0.30114.105
MinimumVisualStudioVersion = 10.0.40219.1
Project("{FAE04EC0-301F-11D3-BF4B-00C04F79EFBC}") = "API", "API\API.csproj", "{AF577E0B-B24C-4C68-A5C7-5115644A7F58}"
EndProject
Project("{FAE04EC0-301F-11D3-BF4B-00C04F79EFBC}") = "Application", "Application\Application.csproj", "{4D2635A7-1F96-4C34-BB3A-9656B732A92B}"
EndProject
Project("{FAE04EC0-301F-11D3-BF4B-00C04F79EFBC}") = "Domain", "Domain\Domain.csproj", "{66C0B670-67E6-49EA-B1F3-D316B792DE03}"
EndProject
Project("{FAE04EC0-301F-11D3-BF4B-00C04F79EFBC}") = "Persistence", "Persistence\Persistence.csproj", "{AD79342A-C3D3-43F4-974A-8E2F38730305}"
EndProject
Global
	GlobalSection(SolutionConfigurationPlatforms) = preSolution
		Debug|Any CPU = Debug|Any CPU
		Release|Any CPU = Release|Any CPU
	EndGlobalSection
	GlobalSection(SolutionProperties) = preSolution
		HideSolutionNode = FALSE
	EndGlobalSection
	GlobalSection(ProjectConfigurationPlatforms) = postSolution
		{AF577E0B-B24C-4C68-A5C7-5115644A7F58}.Debug|Any CPU.ActiveCfg = Debug|Any CPU
		{AF577E0B-B24C-4C68-A5C7-5115644A7F58}.Debug|Any CPU.Build.0 = Debug|Any CPU
		{AF577E0B-B24C-4C68-A5C7-5115644A7F58}.Release|Any CPU.ActiveCfg = Release|Any CPU
		{AF577E0B-B24C-4C68-A5C7-5115644A7F58}.Release|Any CPU.Build.0 = Release|Any CPU
		{4D2635A7-1F96-4C34-BB3A-9656B732A92B}.Debug|Any CPU.ActiveCfg = Debug|Any CPU
		{4D2635A7-1F96-4C34-BB3A-9656B732A92B}.Debug|Any CPU.Build.0 = Debug|Any CPU
		{4D2635A7-1F96-4C34-BB3A-9656B732A92B}.Release|Any CPU.ActiveCfg = Release|Any CPU
		{4D2635A7-1F96-4C34-BB3A-9656B732A92B}.Release|Any CPU.Build.0 = Release|Any CPU
		{66C0B670-67E6-49EA-B1F3-D316B792DE03}.Debug|Any CPU.ActiveCfg = Debug|Any CPU
		{66C0B670-67E6-49EA-B1F3-D316B792DE03}.Debug|Any CPU.Build.0 = Debug|Any CPU
		{66C0B670-67E6-49EA-B1F3-D316B792DE03}.Release|Any CPU.ActiveCfg = Release|Any CPU
		{66C0B670-67E6-49EA-B1F3-D316B792DE03}.Release|Any CPU.Build.0 = Release|Any CPU
		{AD79342A-C3D3-43F4-974A-8E2F38730305}.Debug|Any CPU.ActiveCfg = Debug|Any CPU
		{AD79342A-C3D3-43F4-974A-8E2F38730305}.Debug|Any CPU.Build.0 = Debug|Any CPU
		{AD79342A-C3D3-43F4-974A-8E2F38730305}.Release|Any CPU.ActiveCfg = Release|Any CPU
		{AD79342A-C3D3-43F4-974A-8E2F38730305}.Release|Any CPU.Build.0 = Release|Any CPU
	EndGlobalSection
EndGlobal
